
Microsoft Visual Studio Solution File, Format Version 12.00
# Visual Studio Version 16
VisualStudioVersion = 16.0.29503.13
MinimumVisualStudioVersion = 10.0.40219.1
Project("{FAE04EC0-301F-11D3-BF4B-00C04F79EFBC}") = "DisplayAllDigitsIterative", "DisplayAllDigitsIterative\DisplayAllDigitsIterative.csproj", "{6C764020-228F-4ADB-B994-15AA83A9D645}"
EndProject
Project("{FAE04EC0-301F-11D3-BF4B-00C04F79EFBC}") = "DisplayAllDigitsRecursiveParams", "DisplayAllDigitsRecursiveParams\DisplayAllDigitsRecursiveParams.csproj", "{6D2B38E0-E29A-4228-9720-D2E0937F4B8B}"
EndProject
Project("{FAE04EC0-301F-11D3-BF4B-00C04F79EFBC}") = "DisplayAllDigitsRecursiveNoParams", "DisplayAllDigitsRecursiveNoParams\DisplayAllDigitsRecursiveNoParams.csproj", "{9B4878D4-9BE6-4B4A-9A22-4B4AA622792F}"
EndProject
Global
	GlobalSection(SolutionConfigurationPlatforms) = preSolution
		Debug|Any CPU = Debug|Any CPU
		Release|Any CPU = Release|Any CPU
	EndGlobalSection
	GlobalSection(ProjectConfigurationPlatforms) = postSolution
		{6C764020-228F-4ADB-B994-15AA83A9D645}.Debug|Any CPU.ActiveCfg = Debug|Any CPU
		{6C764020-228F-4ADB-B994-15AA83A9D645}.Debug|Any CPU.Build.0 = Debug|Any CPU
		{6C764020-228F-4ADB-B994-15AA83A9D645}.Release|Any CPU.ActiveCfg = Release|Any CPU
		{6C764020-228F-4ADB-B994-15AA83A9D645}.Release|Any CPU.Build.0 = Release|Any CPU
		{6D2B38E0-E29A-4228-9720-D2E0937F4B8B}.Debug|Any CPU.ActiveCfg = Debug|Any CPU
		{6D2B38E0-E29A-4228-9720-D2E0937F4B8B}.Debug|Any CPU.Build.0 = Debug|Any CPU
		{6D2B38E0-E29A-4228-9720-D2E0937F4B8B}.Release|Any CPU.ActiveCfg = Release|Any CPU
		{6D2B38E0-E29A-4228-9720-D2E0937F4B8B}.Release|Any CPU.Build.0 = Release|Any CPU
		{9B4878D4-9BE6-4B4A-9A22-4B4AA622792F}.Debug|Any CPU.ActiveCfg = Debug|Any CPU
		{9B4878D4-9BE6-4B4A-9A22-4B4AA622792F}.Debug|Any CPU.Build.0 = Debug|Any CPU
		{9B4878D4-9BE6-4B4A-9A22-4B4AA622792F}.Release|Any CPU.ActiveCfg = Release|Any CPU
		{9B4878D4-9BE6-4B4A-9A22-4B4AA622792F}.Release|Any CPU.Build.0 = Release|Any CPU
	EndGlobalSection
	GlobalSection(SolutionProperties) = preSolution
		HideSolutionNode = FALSE
	EndGlobalSection
	GlobalSection(ExtensibilityGlobals) = postSolution
		SolutionGuid = {BB3A78FE-3BCE-48AD-8548-656861931883}
	EndGlobalSection
EndGlobal
