
Microsoft Visual Studio Solution File, Format Version 12.00
# Visual Studio Version 16
VisualStudioVersion = 16.0.29503.13
MinimumVisualStudioVersion = 10.0.40219.1
Project("{FAE04EC0-301F-11D3-BF4B-00C04F79EFBC}") = "BreathFirstSearch", "BreathFirstSearch\BreathFirstSearch.csproj", "{8E5C1D2E-87B7-4F57-BE2B-096E3979C01A}"
EndProject
Project("{FAE04EC0-301F-11D3-BF4B-00C04F79EFBC}") = "DepthFirstSearch", "DepthFirstSearch\DepthFirstSearch.csproj", "{DE2B308D-F36B-4397-A3F4-6A2346EEDF04}"
EndProject
Project("{FAE04EC0-301F-11D3-BF4B-00C04F79EFBC}") = "ShortestPathBfs", "ShortestPathBfs\ShortestPathBfs.csproj", "{DA58778F-E626-48D0-8DF2-0C9DF2AFDF33}"
EndProject
Project("{FAE04EC0-301F-11D3-BF4B-00C04F79EFBC}") = "CheckForCycles", "CheckForCycles\CheckForCycles.csproj", "{16DBEF6E-CF5F-4452-AE2C-137562CE0D2D}"
EndProject
Global
	GlobalSection(SolutionConfigurationPlatforms) = preSolution
		Debug|Any CPU = Debug|Any CPU
		Release|Any CPU = Release|Any CPU
	EndGlobalSection
	GlobalSection(ProjectConfigurationPlatforms) = postSolution
		{8E5C1D2E-87B7-4F57-BE2B-096E3979C01A}.Debug|Any CPU.ActiveCfg = Debug|Any CPU
		{8E5C1D2E-87B7-4F57-BE2B-096E3979C01A}.Debug|Any CPU.Build.0 = Debug|Any CPU
		{8E5C1D2E-87B7-4F57-BE2B-096E3979C01A}.Release|Any CPU.ActiveCfg = Release|Any CPU
		{8E5C1D2E-87B7-4F57-BE2B-096E3979C01A}.Release|Any CPU.Build.0 = Release|Any CPU
		{DE2B308D-F36B-4397-A3F4-6A2346EEDF04}.Debug|Any CPU.ActiveCfg = Debug|Any CPU
		{DE2B308D-F36B-4397-A3F4-6A2346EEDF04}.Debug|Any CPU.Build.0 = Debug|Any CPU
		{DE2B308D-F36B-4397-A3F4-6A2346EEDF04}.Release|Any CPU.ActiveCfg = Release|Any CPU
		{DE2B308D-F36B-4397-A3F4-6A2346EEDF04}.Release|Any CPU.Build.0 = Release|Any CPU
		{DA58778F-E626-48D0-8DF2-0C9DF2AFDF33}.Debug|Any CPU.ActiveCfg = Debug|Any CPU
		{DA58778F-E626-48D0-8DF2-0C9DF2AFDF33}.Debug|Any CPU.Build.0 = Debug|Any CPU
		{DA58778F-E626-48D0-8DF2-0C9DF2AFDF33}.Release|Any CPU.ActiveCfg = Release|Any CPU
		{DA58778F-E626-48D0-8DF2-0C9DF2AFDF33}.Release|Any CPU.Build.0 = Release|Any CPU
		{16DBEF6E-CF5F-4452-AE2C-137562CE0D2D}.Debug|Any CPU.ActiveCfg = Debug|Any CPU
		{16DBEF6E-CF5F-4452-AE2C-137562CE0D2D}.Debug|Any CPU.Build.0 = Debug|Any CPU
		{16DBEF6E-CF5F-4452-AE2C-137562CE0D2D}.Release|Any CPU.ActiveCfg = Release|Any CPU
		{16DBEF6E-CF5F-4452-AE2C-137562CE0D2D}.Release|Any CPU.Build.0 = Release|Any CPU
	EndGlobalSection
	GlobalSection(SolutionProperties) = preSolution
		HideSolutionNode = FALSE
	EndGlobalSection
	GlobalSection(ExtensibilityGlobals) = postSolution
		SolutionGuid = {7922D86D-F6B4-4484-AFE0-724A0CB7E247}
	EndGlobalSection
EndGlobal
