
Microsoft Visual Studio Solution File, Format Version 12.00
# Visual Studio Version 16
VisualStudioVersion = 16.0.29503.13
MinimumVisualStudioVersion = 10.0.40219.1
Project("{FAE04EC0-301F-11D3-BF4B-00C04F79EFBC}") = "BreathFirstSearch", "BreathFirstSearch\BreathFirstSearch.csproj", "{8E5C1D2E-87B7-4F57-BE2B-096E3979C01A}"
EndProject
Project("{FAE04EC0-301F-11D3-BF4B-00C04F79EFBC}") = "DepthFirstSearch", "DepthFirstSearch\DepthFirstSearch.csproj", "{DE2B308D-F36B-4397-A3F4-6A2346EEDF04}"
EndProject
Project("{FAE04EC0-301F-11D3-BF4B-00C04F79EFBC}") = "ShortestPathBfs", "ShortestPathBfs\ShortestPathBfs.csproj", "{DA58778F-E626-48D0-8DF2-0C9DF2AFDF33}"
EndProject
Project("{FAE04EC0-301F-11D3-BF4B-00C04F79EFBC}") = "CheckForCycles", "CheckForCycles\CheckForCycles.csproj", "{16DBEF6E-CF5F-4452-AE2C-137562CE0D2D}"
EndProject
Project("{FAE04EC0-301F-11D3-BF4B-00C04F79EFBC}") = "FindAllSimplePaths", "FindAllPaths\FindAllSimplePaths.csproj", "{E5510F82-54B2-43C7-894A-B43E1657F1F2}"
EndProject
Project("{FAE04EC0-301F-11D3-BF4B-00C04F79EFBC}") = "FloydAlgorithm", "FloydAlgorithm\FloydAlgorithm.csproj", "{F8043CE2-9FE9-4022-ABD8-B6CC388F98B2}"
EndProject
Project("{FAE04EC0-301F-11D3-BF4B-00C04F79EFBC}") = "DjiikstraAlgorithm", "DjiikstraAlgorithm\DjiikstraAlgorithm.csproj", "{4CE88AA0-FC42-450F-B77D-E1F82BECF606}"
EndProject
Project("{FAE04EC0-301F-11D3-BF4B-00C04F79EFBC}") = "CriticalWayInGraph", "CriticalWayInGraph\CriticalWayInGraph.csproj", "{801CBDD0-5033-4DE2-AFC0-B25FA50EAA6C}"
EndProject
Project("{FAE04EC0-301F-11D3-BF4B-00C04F79EFBC}") = "FindAllCycles", "FindAllCycles\FindAllCycles.csproj", "{1AC95BF9-3ACE-40B2-B0DD-6FDCA51040AE}"
EndProject
Project("{FAE04EC0-301F-11D3-BF4B-00C04F79EFBC}") = "MinimalHamiltonCycle", "MinimalHamiltonCycle\MinimalHamiltonCycle.csproj", "{04343814-E6DB-4320-91E3-3A97FF27405A}"
EndProject
Project("{FAE04EC0-301F-11D3-BF4B-00C04F79EFBC}") = "EulerGraphAlgorithm", "EulerGraphAlgorithm\EulerGraphAlgorithm.csproj", "{53153CC8-D94A-4699-8AA2-A93B0F2961BD}"
EndProject
Project("{FAE04EC0-301F-11D3-BF4B-00C04F79EFBC}") = "MaxFlowAlgorithm", "MaxFlow\MaxFlowAlgorithm.csproj", "{4A80FF7A-B542-4819-874C-3055A390AABF}"
EndProject
Project("{FAE04EC0-301F-11D3-BF4B-00C04F79EFBC}") = "ComanyControl", "ComanyControl\ComanyControl.csproj", "{D0360BFC-E2F9-4C3E-A10F-B87B65C8C610}"
EndProject
Global
	GlobalSection(SolutionConfigurationPlatforms) = preSolution
		Debug|Any CPU = Debug|Any CPU
		Release|Any CPU = Release|Any CPU
	EndGlobalSection
	GlobalSection(ProjectConfigurationPlatforms) = postSolution
		{8E5C1D2E-87B7-4F57-BE2B-096E3979C01A}.Debug|Any CPU.ActiveCfg = Debug|Any CPU
		{8E5C1D2E-87B7-4F57-BE2B-096E3979C01A}.Debug|Any CPU.Build.0 = Debug|Any CPU
		{8E5C1D2E-87B7-4F57-BE2B-096E3979C01A}.Release|Any CPU.ActiveCfg = Release|Any CPU
		{8E5C1D2E-87B7-4F57-BE2B-096E3979C01A}.Release|Any CPU.Build.0 = Release|Any CPU
		{DE2B308D-F36B-4397-A3F4-6A2346EEDF04}.Debug|Any CPU.ActiveCfg = Debug|Any CPU
		{DE2B308D-F36B-4397-A3F4-6A2346EEDF04}.Debug|Any CPU.Build.0 = Debug|Any CPU
		{DE2B308D-F36B-4397-A3F4-6A2346EEDF04}.Release|Any CPU.ActiveCfg = Release|Any CPU
		{DE2B308D-F36B-4397-A3F4-6A2346EEDF04}.Release|Any CPU.Build.0 = Release|Any CPU
		{DA58778F-E626-48D0-8DF2-0C9DF2AFDF33}.Debug|Any CPU.ActiveCfg = Debug|Any CPU
		{DA58778F-E626-48D0-8DF2-0C9DF2AFDF33}.Debug|Any CPU.Build.0 = Debug|Any CPU
		{DA58778F-E626-48D0-8DF2-0C9DF2AFDF33}.Release|Any CPU.ActiveCfg = Release|Any CPU
		{DA58778F-E626-48D0-8DF2-0C9DF2AFDF33}.Release|Any CPU.Build.0 = Release|Any CPU
		{16DBEF6E-CF5F-4452-AE2C-137562CE0D2D}.Debug|Any CPU.ActiveCfg = Debug|Any CPU
		{16DBEF6E-CF5F-4452-AE2C-137562CE0D2D}.Debug|Any CPU.Build.0 = Debug|Any CPU
		{16DBEF6E-CF5F-4452-AE2C-137562CE0D2D}.Release|Any CPU.ActiveCfg = Release|Any CPU
		{16DBEF6E-CF5F-4452-AE2C-137562CE0D2D}.Release|Any CPU.Build.0 = Release|Any CPU
		{E5510F82-54B2-43C7-894A-B43E1657F1F2}.Debug|Any CPU.ActiveCfg = Debug|Any CPU
		{E5510F82-54B2-43C7-894A-B43E1657F1F2}.Debug|Any CPU.Build.0 = Debug|Any CPU
		{E5510F82-54B2-43C7-894A-B43E1657F1F2}.Release|Any CPU.ActiveCfg = Release|Any CPU
		{E5510F82-54B2-43C7-894A-B43E1657F1F2}.Release|Any CPU.Build.0 = Release|Any CPU
		{F8043CE2-9FE9-4022-ABD8-B6CC388F98B2}.Debug|Any CPU.ActiveCfg = Debug|Any CPU
		{F8043CE2-9FE9-4022-ABD8-B6CC388F98B2}.Debug|Any CPU.Build.0 = Debug|Any CPU
		{F8043CE2-9FE9-4022-ABD8-B6CC388F98B2}.Release|Any CPU.ActiveCfg = Release|Any CPU
		{F8043CE2-9FE9-4022-ABD8-B6CC388F98B2}.Release|Any CPU.Build.0 = Release|Any CPU
		{4CE88AA0-FC42-450F-B77D-E1F82BECF606}.Debug|Any CPU.ActiveCfg = Debug|Any CPU
		{4CE88AA0-FC42-450F-B77D-E1F82BECF606}.Debug|Any CPU.Build.0 = Debug|Any CPU
		{4CE88AA0-FC42-450F-B77D-E1F82BECF606}.Release|Any CPU.ActiveCfg = Release|Any CPU
		{4CE88AA0-FC42-450F-B77D-E1F82BECF606}.Release|Any CPU.Build.0 = Release|Any CPU
		{801CBDD0-5033-4DE2-AFC0-B25FA50EAA6C}.Debug|Any CPU.ActiveCfg = Debug|Any CPU
		{801CBDD0-5033-4DE2-AFC0-B25FA50EAA6C}.Debug|Any CPU.Build.0 = Debug|Any CPU
		{801CBDD0-5033-4DE2-AFC0-B25FA50EAA6C}.Release|Any CPU.ActiveCfg = Release|Any CPU
		{801CBDD0-5033-4DE2-AFC0-B25FA50EAA6C}.Release|Any CPU.Build.0 = Release|Any CPU
		{1AC95BF9-3ACE-40B2-B0DD-6FDCA51040AE}.Debug|Any CPU.ActiveCfg = Debug|Any CPU
		{1AC95BF9-3ACE-40B2-B0DD-6FDCA51040AE}.Debug|Any CPU.Build.0 = Debug|Any CPU
		{1AC95BF9-3ACE-40B2-B0DD-6FDCA51040AE}.Release|Any CPU.ActiveCfg = Release|Any CPU
		{1AC95BF9-3ACE-40B2-B0DD-6FDCA51040AE}.Release|Any CPU.Build.0 = Release|Any CPU
		{04343814-E6DB-4320-91E3-3A97FF27405A}.Debug|Any CPU.ActiveCfg = Debug|Any CPU
		{04343814-E6DB-4320-91E3-3A97FF27405A}.Debug|Any CPU.Build.0 = Debug|Any CPU
		{04343814-E6DB-4320-91E3-3A97FF27405A}.Release|Any CPU.ActiveCfg = Release|Any CPU
		{04343814-E6DB-4320-91E3-3A97FF27405A}.Release|Any CPU.Build.0 = Release|Any CPU
		{53153CC8-D94A-4699-8AA2-A93B0F2961BD}.Debug|Any CPU.ActiveCfg = Debug|Any CPU
		{53153CC8-D94A-4699-8AA2-A93B0F2961BD}.Debug|Any CPU.Build.0 = Debug|Any CPU
		{53153CC8-D94A-4699-8AA2-A93B0F2961BD}.Release|Any CPU.ActiveCfg = Release|Any CPU
		{53153CC8-D94A-4699-8AA2-A93B0F2961BD}.Release|Any CPU.Build.0 = Release|Any CPU
		{4A80FF7A-B542-4819-874C-3055A390AABF}.Debug|Any CPU.ActiveCfg = Debug|Any CPU
		{4A80FF7A-B542-4819-874C-3055A390AABF}.Debug|Any CPU.Build.0 = Debug|Any CPU
		{4A80FF7A-B542-4819-874C-3055A390AABF}.Release|Any CPU.ActiveCfg = Release|Any CPU
		{4A80FF7A-B542-4819-874C-3055A390AABF}.Release|Any CPU.Build.0 = Release|Any CPU
		{D0360BFC-E2F9-4C3E-A10F-B87B65C8C610}.Debug|Any CPU.ActiveCfg = Debug|Any CPU
		{D0360BFC-E2F9-4C3E-A10F-B87B65C8C610}.Debug|Any CPU.Build.0 = Debug|Any CPU
		{D0360BFC-E2F9-4C3E-A10F-B87B65C8C610}.Release|Any CPU.ActiveCfg = Release|Any CPU
		{D0360BFC-E2F9-4C3E-A10F-B87B65C8C610}.Release|Any CPU.Build.0 = Release|Any CPU
	EndGlobalSection
	GlobalSection(SolutionProperties) = preSolution
		HideSolutionNode = FALSE
	EndGlobalSection
	GlobalSection(ExtensibilityGlobals) = postSolution
		SolutionGuid = {7922D86D-F6B4-4484-AFE0-724A0CB7E247}
	EndGlobalSection
EndGlobal
