
Microsoft Visual Studio Solution File, Format Version 12.00
# Visual Studio Version 16
VisualStudioVersion = 16.0.29503.13
MinimumVisualStudioVersion = 10.0.40219.1
Project("{9A19103F-16F7-4668-BE54-9A1E7A4F7556}") = "StackImplementation", "StackImplementation\StackImplementation.csproj", "{D9FA2758-7800-4A23-B6F9-67AF3E77AA87}"
EndProject
Project("{FAE04EC0-301F-11D3-BF4B-00C04F79EFBC}") = "QueueImplementation", "QueueImplementation\QueueImplementation.csproj", "{B1F6F525-B8B2-48C8-91E0-1C1F015131B9}"
EndProject
Global
	GlobalSection(SolutionConfigurationPlatforms) = preSolution
		Debug|Any CPU = Debug|Any CPU
		Release|Any CPU = Release|Any CPU
	EndGlobalSection
	GlobalSection(ProjectConfigurationPlatforms) = postSolution
		{D9FA2758-7800-4A23-B6F9-67AF3E77AA87}.Debug|Any CPU.ActiveCfg = Debug|Any CPU
		{D9FA2758-7800-4A23-B6F9-67AF3E77AA87}.Debug|Any CPU.Build.0 = Debug|Any CPU
		{D9FA2758-7800-4A23-B6F9-67AF3E77AA87}.Release|Any CPU.ActiveCfg = Release|Any CPU
		{D9FA2758-7800-4A23-B6F9-67AF3E77AA87}.Release|Any CPU.Build.0 = Release|Any CPU
		{B1F6F525-B8B2-48C8-91E0-1C1F015131B9}.Debug|Any CPU.ActiveCfg = Debug|Any CPU
		{B1F6F525-B8B2-48C8-91E0-1C1F015131B9}.Debug|Any CPU.Build.0 = Debug|Any CPU
		{B1F6F525-B8B2-48C8-91E0-1C1F015131B9}.Release|Any CPU.ActiveCfg = Release|Any CPU
		{B1F6F525-B8B2-48C8-91E0-1C1F015131B9}.Release|Any CPU.Build.0 = Release|Any CPU
	EndGlobalSection
	GlobalSection(SolutionProperties) = preSolution
		HideSolutionNode = FALSE
	EndGlobalSection
	GlobalSection(ExtensibilityGlobals) = postSolution
		SolutionGuid = {97DE3623-0283-4AC8-8550-76132C22EDD9}
	EndGlobalSection
EndGlobal
