
Microsoft Visual Studio Solution File, Format Version 12.00
# Visual Studio Version 16
VisualStudioVersion = 16.0.29503.13
MinimumVisualStudioVersion = 10.0.40219.1
Project("{9A19103F-16F7-4668-BE54-9A1E7A4F7556}") = "StackImplementation", "StackImplementation\StackImplementation.csproj", "{D9FA2758-7800-4A23-B6F9-67AF3E77AA87}"
EndProject
Project("{9A19103F-16F7-4668-BE54-9A1E7A4F7556}") = "QueueImplementation", "QueueImplementation\QueueImplementation.csproj", "{B1F6F525-B8B2-48C8-91E0-1C1F015131B9}"
EndProject
Project("{9A19103F-16F7-4668-BE54-9A1E7A4F7556}") = "LinkedListImplementation", "LinkedListImplementation\LinkedListImplementation.csproj", "{CA3FAA85-2980-458D-B5F6-913696C6CCB8}"
EndProject
Project("{9A19103F-16F7-4668-BE54-9A1E7A4F7556}") = "RBTreeImplementation", "RBTree\RBTreeImplementation.csproj", "{50E8A020-1733-4A65-8FD4-1B9448F45C92}"
EndProject
Project("{9A19103F-16F7-4668-BE54-9A1E7A4F7556}") = "SandBox", "SandBox\SandBox.csproj", "{F0C734B2-6C4C-44B9-A28C-53870E90EC06}"
EndProject
Project("{FAE04EC0-301F-11D3-BF4B-00C04F79EFBC}") = "HashTebleImplementation", "HashTebleImplementation\HashTebleImplementation.csproj", "{835BAA01-F490-4D0B-98B9-6B479042D14F}"
EndProject
Global
	GlobalSection(SolutionConfigurationPlatforms) = preSolution
		Debug|Any CPU = Debug|Any CPU
		Release|Any CPU = Release|Any CPU
	EndGlobalSection
	GlobalSection(ProjectConfigurationPlatforms) = postSolution
		{D9FA2758-7800-4A23-B6F9-67AF3E77AA87}.Debug|Any CPU.ActiveCfg = Debug|Any CPU
		{D9FA2758-7800-4A23-B6F9-67AF3E77AA87}.Debug|Any CPU.Build.0 = Debug|Any CPU
		{D9FA2758-7800-4A23-B6F9-67AF3E77AA87}.Release|Any CPU.ActiveCfg = Release|Any CPU
		{D9FA2758-7800-4A23-B6F9-67AF3E77AA87}.Release|Any CPU.Build.0 = Release|Any CPU
		{B1F6F525-B8B2-48C8-91E0-1C1F015131B9}.Debug|Any CPU.ActiveCfg = Debug|Any CPU
		{B1F6F525-B8B2-48C8-91E0-1C1F015131B9}.Debug|Any CPU.Build.0 = Debug|Any CPU
		{B1F6F525-B8B2-48C8-91E0-1C1F015131B9}.Release|Any CPU.ActiveCfg = Release|Any CPU
		{B1F6F525-B8B2-48C8-91E0-1C1F015131B9}.Release|Any CPU.Build.0 = Release|Any CPU
		{CA3FAA85-2980-458D-B5F6-913696C6CCB8}.Debug|Any CPU.ActiveCfg = Debug|Any CPU
		{CA3FAA85-2980-458D-B5F6-913696C6CCB8}.Debug|Any CPU.Build.0 = Debug|Any CPU
		{CA3FAA85-2980-458D-B5F6-913696C6CCB8}.Release|Any CPU.ActiveCfg = Release|Any CPU
		{CA3FAA85-2980-458D-B5F6-913696C6CCB8}.Release|Any CPU.Build.0 = Release|Any CPU
		{50E8A020-1733-4A65-8FD4-1B9448F45C92}.Debug|Any CPU.ActiveCfg = Debug|Any CPU
		{50E8A020-1733-4A65-8FD4-1B9448F45C92}.Debug|Any CPU.Build.0 = Debug|Any CPU
		{50E8A020-1733-4A65-8FD4-1B9448F45C92}.Release|Any CPU.ActiveCfg = Release|Any CPU
		{50E8A020-1733-4A65-8FD4-1B9448F45C92}.Release|Any CPU.Build.0 = Release|Any CPU
		{F0C734B2-6C4C-44B9-A28C-53870E90EC06}.Debug|Any CPU.ActiveCfg = Debug|Any CPU
		{F0C734B2-6C4C-44B9-A28C-53870E90EC06}.Debug|Any CPU.Build.0 = Debug|Any CPU
		{F0C734B2-6C4C-44B9-A28C-53870E90EC06}.Release|Any CPU.ActiveCfg = Release|Any CPU
		{F0C734B2-6C4C-44B9-A28C-53870E90EC06}.Release|Any CPU.Build.0 = Release|Any CPU
		{835BAA01-F490-4D0B-98B9-6B479042D14F}.Debug|Any CPU.ActiveCfg = Debug|Any CPU
		{835BAA01-F490-4D0B-98B9-6B479042D14F}.Debug|Any CPU.Build.0 = Debug|Any CPU
		{835BAA01-F490-4D0B-98B9-6B479042D14F}.Release|Any CPU.ActiveCfg = Release|Any CPU
		{835BAA01-F490-4D0B-98B9-6B479042D14F}.Release|Any CPU.Build.0 = Release|Any CPU
	EndGlobalSection
	GlobalSection(SolutionProperties) = preSolution
		HideSolutionNode = FALSE
	EndGlobalSection
	GlobalSection(ExtensibilityGlobals) = postSolution
		SolutionGuid = {97DE3623-0283-4AC8-8550-76132C22EDD9}
	EndGlobalSection
EndGlobal
