
Microsoft Visual Studio Solution File, Format Version 12.00
# Visual Studio Version 17
VisualStudioVersion = 17.5.33424.131
MinimumVisualStudioVersion = 10.0.40219.1
Project("{9A19103F-16F7-4668-BE54-9A1E7A4F7556}") = "8.1.Knapsack_1", "8.1.Knapsack_1\8.1.Knapsack_1.csproj", "{22A76B84-0EC3-45DA-9219-6BDB869DCEBC}"
EndProject
Project("{9A19103F-16F7-4668-BE54-9A1E7A4F7556}") = "8.2.Knapsack_3a", "8.2.Knapsack_3a\8.2.Knapsack_3a.csproj", "{2E4A5E99-D8F7-45D4-BA6B-F1B1DBD1FA19}"
EndProject
Project("{9A19103F-16F7-4668-BE54-9A1E7A4F7556}") = "8.2.Knapsack_3b", "8.2.Knapsack_3b\8.2.Knapsack_3b.csproj", "{39C4C382-34B6-49BD-A697-2B6B6C730E78}"
EndProject
Project("{9A19103F-16F7-4668-BE54-9A1E7A4F7556}") = "8.2.Knapsack_5", "8.2.Knapsack_5\8.2.Knapsack_5.csproj", "{D8D27E88-512A-4D3D-8CBF-AF21064312A2}"
EndProject
Project("{FAE04EC0-301F-11D3-BF4B-00C04F79EFBC}") = "8.2.2.BrothersShare", "8.2.2.BrothersShare\8.2.2.BrothersShare.csproj", "{A4C49A84-3C9C-4F7F-B8CE-91E001F59CE7}"
EndProject
Project("{FAE04EC0-301F-11D3-BF4B-00C04F79EFBC}") = "8.2.2.BrothersShare_2", "8.2.2.BrothersShare_2\8.2.2.BrothersShare_2.csproj", "{B0CBA413-2519-4B67-8177-707ABCE635CC}"
EndProject
Project("{FAE04EC0-301F-11D3-BF4B-00C04F79EFBC}") = "8.2.3.MatrixMultiply_Recursive", "8.2.3.MatrixMultiply_Recursive\8.2.3.MatrixMultiply_Recursive.csproj", "{FC82F4E6-9AAF-41DD-8E82-B5FB88A802CA}"
EndProject
Project("{FAE04EC0-301F-11D3-BF4B-00C04F79EFBC}") = "8.2.3.MatrixMultiply_Memoization", "8.2.3.MatrixMultiply_Memoization\8.2.3.MatrixMultiply_Memoization.csproj", "{4B93EAC0-C92B-425A-B13C-9F0B3A52FE6D}"
EndProject
Project("{FAE04EC0-301F-11D3-BF4B-00C04F79EFBC}") = "8.2.3.MatrixCount_Full", "8.2.3.MatrixCount_Full\8.2.3.MatrixCount_Full.csproj", "{C152E9D8-080E-4E9F-8B7B-5C2CDF6C6E7F}"
EndProject
Global
	GlobalSection(SolutionConfigurationPlatforms) = preSolution
		Debug|Any CPU = Debug|Any CPU
		Release|Any CPU = Release|Any CPU
	EndGlobalSection
	GlobalSection(ProjectConfigurationPlatforms) = postSolution
		{22A76B84-0EC3-45DA-9219-6BDB869DCEBC}.Debug|Any CPU.ActiveCfg = Debug|Any CPU
		{22A76B84-0EC3-45DA-9219-6BDB869DCEBC}.Debug|Any CPU.Build.0 = Debug|Any CPU
		{22A76B84-0EC3-45DA-9219-6BDB869DCEBC}.Release|Any CPU.ActiveCfg = Release|Any CPU
		{22A76B84-0EC3-45DA-9219-6BDB869DCEBC}.Release|Any CPU.Build.0 = Release|Any CPU
		{2E4A5E99-D8F7-45D4-BA6B-F1B1DBD1FA19}.Debug|Any CPU.ActiveCfg = Debug|Any CPU
		{2E4A5E99-D8F7-45D4-BA6B-F1B1DBD1FA19}.Debug|Any CPU.Build.0 = Debug|Any CPU
		{2E4A5E99-D8F7-45D4-BA6B-F1B1DBD1FA19}.Release|Any CPU.ActiveCfg = Release|Any CPU
		{2E4A5E99-D8F7-45D4-BA6B-F1B1DBD1FA19}.Release|Any CPU.Build.0 = Release|Any CPU
		{39C4C382-34B6-49BD-A697-2B6B6C730E78}.Debug|Any CPU.ActiveCfg = Debug|Any CPU
		{39C4C382-34B6-49BD-A697-2B6B6C730E78}.Debug|Any CPU.Build.0 = Debug|Any CPU
		{39C4C382-34B6-49BD-A697-2B6B6C730E78}.Release|Any CPU.ActiveCfg = Release|Any CPU
		{39C4C382-34B6-49BD-A697-2B6B6C730E78}.Release|Any CPU.Build.0 = Release|Any CPU
		{D8D27E88-512A-4D3D-8CBF-AF21064312A2}.Debug|Any CPU.ActiveCfg = Debug|Any CPU
		{D8D27E88-512A-4D3D-8CBF-AF21064312A2}.Debug|Any CPU.Build.0 = Debug|Any CPU
		{D8D27E88-512A-4D3D-8CBF-AF21064312A2}.Release|Any CPU.ActiveCfg = Release|Any CPU
		{D8D27E88-512A-4D3D-8CBF-AF21064312A2}.Release|Any CPU.Build.0 = Release|Any CPU
		{A4C49A84-3C9C-4F7F-B8CE-91E001F59CE7}.Debug|Any CPU.ActiveCfg = Debug|Any CPU
		{A4C49A84-3C9C-4F7F-B8CE-91E001F59CE7}.Debug|Any CPU.Build.0 = Debug|Any CPU
		{A4C49A84-3C9C-4F7F-B8CE-91E001F59CE7}.Release|Any CPU.ActiveCfg = Release|Any CPU
		{A4C49A84-3C9C-4F7F-B8CE-91E001F59CE7}.Release|Any CPU.Build.0 = Release|Any CPU
		{B0CBA413-2519-4B67-8177-707ABCE635CC}.Debug|Any CPU.ActiveCfg = Debug|Any CPU
		{B0CBA413-2519-4B67-8177-707ABCE635CC}.Debug|Any CPU.Build.0 = Debug|Any CPU
		{B0CBA413-2519-4B67-8177-707ABCE635CC}.Release|Any CPU.ActiveCfg = Release|Any CPU
		{B0CBA413-2519-4B67-8177-707ABCE635CC}.Release|Any CPU.Build.0 = Release|Any CPU
		{FC82F4E6-9AAF-41DD-8E82-B5FB88A802CA}.Debug|Any CPU.ActiveCfg = Debug|Any CPU
		{FC82F4E6-9AAF-41DD-8E82-B5FB88A802CA}.Debug|Any CPU.Build.0 = Debug|Any CPU
		{FC82F4E6-9AAF-41DD-8E82-B5FB88A802CA}.Release|Any CPU.ActiveCfg = Release|Any CPU
		{FC82F4E6-9AAF-41DD-8E82-B5FB88A802CA}.Release|Any CPU.Build.0 = Release|Any CPU
		{4B93EAC0-C92B-425A-B13C-9F0B3A52FE6D}.Debug|Any CPU.ActiveCfg = Debug|Any CPU
		{4B93EAC0-C92B-425A-B13C-9F0B3A52FE6D}.Debug|Any CPU.Build.0 = Debug|Any CPU
		{4B93EAC0-C92B-425A-B13C-9F0B3A52FE6D}.Release|Any CPU.ActiveCfg = Release|Any CPU
		{4B93EAC0-C92B-425A-B13C-9F0B3A52FE6D}.Release|Any CPU.Build.0 = Release|Any CPU
		{C152E9D8-080E-4E9F-8B7B-5C2CDF6C6E7F}.Debug|Any CPU.ActiveCfg = Debug|Any CPU
		{C152E9D8-080E-4E9F-8B7B-5C2CDF6C6E7F}.Debug|Any CPU.Build.0 = Debug|Any CPU
		{C152E9D8-080E-4E9F-8B7B-5C2CDF6C6E7F}.Release|Any CPU.ActiveCfg = Release|Any CPU
		{C152E9D8-080E-4E9F-8B7B-5C2CDF6C6E7F}.Release|Any CPU.Build.0 = Release|Any CPU
	EndGlobalSection
	GlobalSection(SolutionProperties) = preSolution
		HideSolutionNode = FALSE
	EndGlobalSection
	GlobalSection(ExtensibilityGlobals) = postSolution
		SolutionGuid = {8FF30B30-B2D2-407C-99FC-29AE373AA81B}
	EndGlobalSection
EndGlobal
